
Microsoft Visual Studio Solution File, Format Version 12.00
# Visual Studio 15
VisualStudioVersion = 15.0.28307.421
MinimumVisualStudioVersion = 10.0.40219.1
Project("{FAE04EC0-301F-11D3-BF4B-00C04F79EFBC}") = "AtmaFileSystem", "AtmaFileSystem\AtmaFileSystem.csproj", "{B83544E4-65CD-4DD1-BB78-9C22C4A042D1}"
EndProject
Project("{FAE04EC0-301F-11D3-BF4B-00C04F79EFBC}") = "AtmaFileSystemSpecification", "AtmaFileSystemSpecification\AtmaFileSystemSpecification.csproj", "{F1FDC70D-9354-4ADF-A29C-AE7605771135}"
EndProject
Project("{FAE04EC0-301F-11D3-BF4B-00C04F79EFBC}") = "BuildScript", "BuildScript\BuildScript.csproj", "{5D6E3F46-0EE4-4C0B-8B13-9717D3A41D23}"
EndProject
Global
	GlobalSection(SolutionConfigurationPlatforms) = preSolution
		Debug|Any CPU = Debug|Any CPU
		Release|Any CPU = Release|Any CPU
	EndGlobalSection
	GlobalSection(ProjectConfigurationPlatforms) = postSolution
		{B83544E4-65CD-4DD1-BB78-9C22C4A042D1}.Debug|Any CPU.ActiveCfg = Debug|Any CPU
		{B83544E4-65CD-4DD1-BB78-9C22C4A042D1}.Debug|Any CPU.Build.0 = Debug|Any CPU
		{B83544E4-65CD-4DD1-BB78-9C22C4A042D1}.Release|Any CPU.ActiveCfg = Release|Any CPU
		{B83544E4-65CD-4DD1-BB78-9C22C4A042D1}.Release|Any CPU.Build.0 = Release|Any CPU
		{F1FDC70D-9354-4ADF-A29C-AE7605771135}.Debug|Any CPU.ActiveCfg = Debug|Any CPU
		{F1FDC70D-9354-4ADF-A29C-AE7605771135}.Debug|Any CPU.Build.0 = Debug|Any CPU
		{F1FDC70D-9354-4ADF-A29C-AE7605771135}.Release|Any CPU.ActiveCfg = Release|Any CPU
		{F1FDC70D-9354-4ADF-A29C-AE7605771135}.Release|Any CPU.Build.0 = Release|Any CPU
		{5D6E3F46-0EE4-4C0B-8B13-9717D3A41D23}.Debug|Any CPU.ActiveCfg = Debug|Any CPU
		{5D6E3F46-0EE4-4C0B-8B13-9717D3A41D23}.Debug|Any CPU.Build.0 = Debug|Any CPU
		{5D6E3F46-0EE4-4C0B-8B13-9717D3A41D23}.Release|Any CPU.ActiveCfg = Release|Any CPU
		{5D6E3F46-0EE4-4C0B-8B13-9717D3A41D23}.Release|Any CPU.Build.0 = Release|Any CPU
	EndGlobalSection
	GlobalSection(SolutionProperties) = preSolution
		HideSolutionNode = FALSE
	EndGlobalSection
	GlobalSection(ExtensibilityGlobals) = postSolution
		SolutionGuid = {D1951CD9-47AF-403E-9F8B-212B70DF2E26}
	EndGlobalSection
EndGlobal
